{
  "version": 4,
  "terraform_version": "1.4.5",
  "serial": 22,
  "lineage": "9ed7a032-3d5a-064a-57ac-1082d9c547fe",
  "outputs": {
    "ec2": {
      "value": {
        "ami": "ami-052efd3df9dad4825",
        "arn": "arn:aws:ec2:us-east-1:020312975611:instance/i-0d1f45a8f6e09b309",
        "associate_public_ip_address": false,
        "availability_zone": "us-east-1a",
        "capacity_reservation_specification": [
          {
            "capacity_reservation_preference": "open",
            "capacity_reservation_target": []
          }
        ],
        "cpu_core_count": 1,
        "cpu_threads_per_core": 1,
        "credit_specification": [
          {
            "cpu_credits": "standard"
          }
        ],
        "disable_api_stop": false,
        "disable_api_termination": false,
        "ebs_block_device": [],
        "ebs_optimized": false,
        "enclave_options": [
          {
            "enabled": false
          }
        ],
        "ephemeral_block_device": [],
        "get_password_data": false,
        "hibernation": false,
        "host_id": "",
        "host_resource_group_arn": null,
        "iam_instance_profile": "",
        "id": "i-0d1f45a8f6e09b309",
        "instance_initiated_shutdown_behavior": "stop",
        "instance_state": "running",
        "instance_type": "t2.micro",
        "ipv6_address_count": 0,
        "ipv6_addresses": [],
        "key_name": "",
        "launch_template": [],
        "maintenance_options": [
          {
            "auto_recovery": "default"
          }
        ],
        "metadata_options": [
          {
            "http_endpoint": "enabled",
            "http_put_response_hop_limit": 1,
            "http_tokens": "optional",
            "instance_metadata_tags": "disabled"
          }
        ],
        "monitoring": false,
        "network_interface": [
          {
            "delete_on_termination": false,
            "device_index": 0,
            "network_card_index": 0,
            "network_interface_id": "eni-00468029ae6556ffa"
          }
        ],
        "outpost_arn": "",
        "password_data": "",
        "placement_group": "",
        "placement_partition_number": 0,
        "primary_network_interface_id": "eni-00468029ae6556ffa",
        "private_dns": "ip-172-16-10-100.ec2.internal",
        "private_dns_name_options": [
          {
            "enable_resource_name_dns_a_record": false,
            "enable_resource_name_dns_aaaa_record": false,
            "hostname_type": "ip-name"
          }
        ],
        "private_ip": "172.16.10.100",
        "public_dns": "",
        "public_ip": "",
        "root_block_device": [
          {
            "delete_on_termination": true,
            "device_name": "/dev/sda1",
            "encrypted": false,
            "iops": 100,
            "kms_key_id": "",
            "tags": {},
            "throughput": 0,
            "volume_id": "vol-0814d46153ea8829b",
            "volume_size": 8,
            "volume_type": "gp2"
          }
        ],
        "secondary_private_ips": [],
        "security_groups": [],
        "source_dest_check": true,
        "subnet_id": "subnet-0d4215215ad6ca45f",
        "tags": {
          "Environment": "MyEnv",
          "Name": "test"
        },
        "tags_all": {
          "Environment": "MyEnv",
          "Name": "test"
        },
        "tenancy": "default",
        "timeouts": null,
        "user_data": null,
        "user_data_base64": null,
        "user_data_replace_on_change": false,
        "volume_tags": null,
        "vpc_security_group_ids": [
          "sg-0a831442809b767e5"
        ]
      },
      "type": [
        "object",
        {
          "ami": "string",
          "arn": "string",
          "associate_public_ip_address": "bool",
          "availability_zone": "string",
          "capacity_reservation_specification": [
            "list",
            [
              "object",
              {
                "capacity_reservation_preference": "string",
                "capacity_reservation_target": [
                  "list",
                  [
                    "object",
                    {
                      "capacity_reservation_id": "string",
                      "capacity_reservation_resource_group_arn": "string"
                    }
                  ]
                ]
              }
            ]
          ],
          "cpu_core_count": "number",
          "cpu_threads_per_core": "number",
          "credit_specification": [
            "list",
            [
              "object",
              {
                "cpu_credits": "string"
              }
            ]
          ],
          "disable_api_stop": "bool",
          "disable_api_termination": "bool",
          "ebs_block_device": [
            "set",
            [
              "object",
              {
                "delete_on_termination": "bool",
                "device_name": "string",
                "encrypted": "bool",
                "iops": "number",
                "kms_key_id": "string",
                "snapshot_id": "string",
                "tags": [
                  "map",
                  "string"
                ],
                "throughput": "number",
                "volume_id": "string",
                "volume_size": "number",
                "volume_type": "string"
              }
            ]
          ],
          "ebs_optimized": "bool",
          "enclave_options": [
            "list",
            [
              "object",
              {
                "enabled": "bool"
              }
            ]
          ],
          "ephemeral_block_device": [
            "set",
            [
              "object",
              {
                "device_name": "string",
                "no_device": "bool",
                "virtual_name": "string"
              }
            ]
          ],
          "get_password_data": "bool",
          "hibernation": "bool",
          "host_id": "string",
          "host_resource_group_arn": "string",
          "iam_instance_profile": "string",
          "id": "string",
          "instance_initiated_shutdown_behavior": "string",
          "instance_state": "string",
          "instance_type": "string",
          "ipv6_address_count": "number",
          "ipv6_addresses": [
            "list",
            "string"
          ],
          "key_name": "string",
          "launch_template": [
            "list",
            [
              "object",
              {
                "id": "string",
                "name": "string",
                "version": "string"
              }
            ]
          ],
          "maintenance_options": [
            "list",
            [
              "object",
              {
                "auto_recovery": "string"
              }
            ]
          ],
          "metadata_options": [
            "list",
            [
              "object",
              {
                "http_endpoint": "string",
                "http_put_response_hop_limit": "number",
                "http_tokens": "string",
                "instance_metadata_tags": "string"
              }
            ]
          ],
          "monitoring": "bool",
          "network_interface": [
            "set",
            [
              "object",
              {
                "delete_on_termination": "bool",
                "device_index": "number",
                "network_card_index": "number",
                "network_interface_id": "string"
              }
            ]
          ],
          "outpost_arn": "string",
          "password_data": "string",
          "placement_group": "string",
          "placement_partition_number": "number",
          "primary_network_interface_id": "string",
          "private_dns": "string",
          "private_dns_name_options": [
            "list",
            [
              "object",
              {
                "enable_resource_name_dns_a_record": "bool",
                "enable_resource_name_dns_aaaa_record": "bool",
                "hostname_type": "string"
              }
            ]
          ],
          "private_ip": "string",
          "public_dns": "string",
          "public_ip": "string",
          "root_block_device": [
            "list",
            [
              "object",
              {
                "delete_on_termination": "bool",
                "device_name": "string",
                "encrypted": "bool",
                "iops": "number",
                "kms_key_id": "string",
                "tags": [
                  "map",
                  "string"
                ],
                "throughput": "number",
                "volume_id": "string",
                "volume_size": "number",
                "volume_type": "string"
              }
            ]
          ],
          "secondary_private_ips": [
            "set",
            "string"
          ],
          "security_groups": [
            "set",
            "string"
          ],
          "source_dest_check": "bool",
          "subnet_id": "string",
          "tags": [
            "map",
            "string"
          ],
          "tags_all": [
            "map",
            "string"
          ],
          "tenancy": "string",
          "timeouts": [
            "object",
            {
              "create": "string",
              "delete": "string",
              "update": "string"
            }
          ],
          "user_data": "string",
          "user_data_base64": "string",
          "user_data_replace_on_change": "bool",
          "volume_tags": [
            "map",
            "string"
          ],
          "vpc_security_group_ids": [
            "set",
            "string"
          ]
        }
      ]
    },
    "ec2_private_ip": {
      "value": "172.16.10.100",
      "type": "string"
    }
  },
  "resources": [
    {
      "mode": "managed",
      "type": "aws_instance",
      "name": "foo",
      "provider": "provider[\"registry.terraform.io/hashicorp/aws\"]",
      "instances": [
        {
          "schema_version": 1,
          "attributes": {
            "ami": "ami-052efd3df9dad4825",
            "arn": "arn:aws:ec2:us-east-1:020312975611:instance/i-0d1f45a8f6e09b309",
            "associate_public_ip_address": false,
            "availability_zone": "us-east-1a",
            "capacity_reservation_specification": [
              {
                "capacity_reservation_preference": "open",
                "capacity_reservation_target": []
              }
            ],
            "cpu_core_count": 1,
            "cpu_threads_per_core": 1,
            "credit_specification": [
              {
                "cpu_credits": "standard"
              }
            ],
            "disable_api_stop": false,
            "disable_api_termination": false,
            "ebs_block_device": [],
            "ebs_optimized": false,
            "enclave_options": [
              {
                "enabled": false
              }
            ],
            "ephemeral_block_device": [],
            "get_password_data": false,
            "hibernation": false,
            "host_id": "",
            "host_resource_group_arn": null,
            "iam_instance_profile": "",
            "id": "i-0d1f45a8f6e09b309",
            "instance_initiated_shutdown_behavior": "stop",
            "instance_state": "running",
            "instance_type": "t2.micro",
            "ipv6_address_count": 0,
            "ipv6_addresses": [],
            "key_name": "",
            "launch_template": [],
            "maintenance_options": [
              {
                "auto_recovery": "default"
              }
            ],
            "metadata_options": [
              {
                "http_endpoint": "enabled",
                "http_put_response_hop_limit": 1,
                "http_tokens": "optional",
                "instance_metadata_tags": "disabled"
              }
            ],
            "monitoring": false,
            "network_interface": [
              {
                "delete_on_termination": false,
                "device_index": 0,
                "network_card_index": 0,
                "network_interface_id": "eni-00468029ae6556ffa"
              }
            ],
            "outpost_arn": "",
            "password_data": "",
            "placement_group": "",
            "placement_partition_number": 0,
            "primary_network_interface_id": "eni-00468029ae6556ffa",
            "private_dns": "ip-172-16-10-100.ec2.internal",
            "private_dns_name_options": [
              {
                "enable_resource_name_dns_a_record": false,
                "enable_resource_name_dns_aaaa_record": false,
                "hostname_type": "ip-name"
              }
            ],
            "private_ip": "172.16.10.100",
            "public_dns": "",
            "public_ip": "",
            "root_block_device": [
              {
                "delete_on_termination": true,
                "device_name": "/dev/sda1",
                "encrypted": false,
                "iops": 100,
                "kms_key_id": "",
                "tags": {},
                "throughput": 0,
                "volume_id": "vol-0814d46153ea8829b",
                "volume_size": 8,
                "volume_type": "gp2"
              }
            ],
            "secondary_private_ips": [],
            "security_groups": [],
            "source_dest_check": true,
            "subnet_id": "subnet-0d4215215ad6ca45f",
            "tags": {
              "Environment": "MyEnv",
              "Name": "test"
            },
            "tags_all": {
              "Environment": "MyEnv",
              "Name": "test"
            },
            "tenancy": "default",
            "timeouts": null,
            "user_data": null,
            "user_data_base64": null,
            "user_data_replace_on_change": false,
            "volume_tags": null,
            "vpc_security_group_ids": [
              "sg-0a831442809b767e5"
            ]
          },
          "sensitive_attributes": [],
          "private": "eyJlMmJmYjczMC1lY2FhLTExZTYtOGY4OC0zNDM2M2JjN2M0YzAiOnsiY3JlYXRlIjo2MDAwMDAwMDAwMDAsImRlbGV0ZSI6MTIwMDAwMDAwMDAwMCwidXBkYXRlIjo2MDAwMDAwMDAwMDB9LCJzY2hlbWFfdmVyc2lvbiI6IjEifQ==",
          "dependencies": [
            "aws_network_interface.foo",
            "aws_subnet.my_subnet",
            "aws_vpc.my_vpc"
          ]
        }
      ]
    },
    {
      "mode": "managed",
      "type": "aws_network_interface",
      "name": "foo",
      "provider": "provider[\"registry.terraform.io/hashicorp/aws\"]",
      "instances": [
        {
          "schema_version": 0,
          "attributes": {
            "arn": "arn:aws:ec2:us-east-1:020312975611:network-interface/eni-00468029ae6556ffa",
            "attachment": [],
            "description": "",
            "id": "eni-00468029ae6556ffa",
            "interface_type": "interface",
            "ipv4_prefix_count": 0,
            "ipv4_prefixes": [],
            "ipv6_address_count": 0,
            "ipv6_address_list": [],
            "ipv6_address_list_enabled": false,
            "ipv6_addresses": [],
            "ipv6_prefix_count": 0,
            "ipv6_prefixes": [],
            "mac_address": "02:40:90:37:3e:55",
            "outpost_arn": "",
            "owner_id": "020312975611",
            "private_dns_name": "",
            "private_ip": "172.16.10.100",
            "private_ip_list": [
              "172.16.10.100"
            ],
            "private_ip_list_enabled": false,
            "private_ips": [
              "172.16.10.100"
            ],
            "private_ips_count": 0,
            "security_groups": [
              "sg-0a831442809b767e5"
            ],
            "source_dest_check": true,
            "subnet_id": "subnet-0d4215215ad6ca45f",
            "tags": {
              "Environment": "MyEnv",
              "Name": "primary_network_interface"
            },
            "tags_all": {
              "Environment": "MyEnv",
              "Name": "primary_network_interface"
            }
          },
          "sensitive_attributes": [],
          "private": "bnVsbA==",
          "dependencies": [
            "aws_subnet.my_subnet",
            "aws_vpc.my_vpc"
          ]
        }
      ]
    },
    {
      "mode": "managed",
      "type": "aws_subnet",
      "name": "my_subnet",
      "provider": "provider[\"registry.terraform.io/hashicorp/aws\"]",
      "instances": [
        {
          "schema_version": 1,
          "attributes": {
            "arn": "arn:aws:ec2:us-east-1:020312975611:subnet/subnet-0d4215215ad6ca45f",
            "assign_ipv6_address_on_creation": false,
            "availability_zone": "us-east-1a",
            "availability_zone_id": "use1-az1",
            "cidr_block": "172.16.10.0/24",
            "customer_owned_ipv4_pool": "",
            "enable_dns64": false,
            "enable_lni_at_device_index": 0,
            "enable_resource_name_dns_a_record_on_launch": false,
            "enable_resource_name_dns_aaaa_record_on_launch": false,
            "id": "subnet-0d4215215ad6ca45f",
            "ipv6_cidr_block": "",
            "ipv6_cidr_block_association_id": "",
            "ipv6_native": false,
            "map_customer_owned_ip_on_launch": false,
            "map_public_ip_on_launch": false,
            "outpost_arn": "",
            "owner_id": "020312975611",
            "private_dns_hostname_type_on_launch": "ip-name",
            "tags": null,
            "tags_all": {},
            "timeouts": null,
            "vpc_id": "vpc-02cb516816f54ef24"
          },
          "sensitive_attributes": [],
          "private": "eyJlMmJmYjczMC1lY2FhLTExZTYtOGY4OC0zNDM2M2JjN2M0YzAiOnsiY3JlYXRlIjo2MDAwMDAwMDAwMDAsImRlbGV0ZSI6MTIwMDAwMDAwMDAwMH0sInNjaGVtYV92ZXJzaW9uIjoiMSJ9",
          "dependencies": [
            "aws_vpc.my_vpc"
          ]
        }
      ]
    },
    {
      "mode": "managed",
      "type": "aws_vpc",
      "name": "my_vpc",
      "provider": "provider[\"registry.terraform.io/hashicorp/aws\"]",
      "instances": [
        {
          "schema_version": 1,
          "attributes": {
            "arn": "arn:aws:ec2:us-east-1:020312975611:vpc/vpc-02cb516816f54ef24",
            "assign_generated_ipv6_cidr_block": false,
            "cidr_block": "172.16.0.0/16",
            "default_network_acl_id": "acl-017e9f1d890140046",
            "default_route_table_id": "rtb-0ef58eae38ccf42a8",
            "default_security_group_id": "sg-0a831442809b767e5",
            "dhcp_options_id": "dopt-07c94a6f4b53cfaf5",
            "enable_classiclink": false,
            "enable_classiclink_dns_support": false,
            "enable_dns_hostnames": false,
            "enable_dns_support": true,
            "enable_network_address_usage_metrics": false,
            "id": "vpc-02cb516816f54ef24",
            "instance_tenancy": "default",
            "ipv4_ipam_pool_id": null,
            "ipv4_netmask_length": null,
            "ipv6_association_id": "",
            "ipv6_cidr_block": "",
            "ipv6_cidr_block_network_border_group": "",
            "ipv6_ipam_pool_id": "",
            "ipv6_netmask_length": 0,
            "main_route_table_id": "rtb-0ef58eae38ccf42a8",
            "owner_id": "020312975611",
            "tags": null,
            "tags_all": {}
          },
          "sensitive_attributes": [],
          "private": "eyJzY2hlbWFfdmVyc2lvbiI6IjEifQ=="
        }
      ]
    }
  ],
  "check_results": null
}
